{
  "version": 2,
  "packages": {
    "unittest2": {
      "version": "0.2.5",
      "vcsRevision": "26f2ef3ae0ec72a2a75bfe557e02e88f6a31c189",
      "url": "https://github.com/status-im/nim-unittest2",
      "downloadMethod": "git",
      "dependencies": [
        "nim"
      ],
      "checksums": {
        "sha1": "02bb3751ba9ddc3c17bfd89f2e41cb6bfb8fc0c9"
      }
    },
    "taskpools": {
      "version": "0.2.1",
      "vcsRevision": "7d96007793fdb2d244d392eb7c5cfa4a695d4ecc",
      "url": "https://github.com/status-im/nim-taskpools",
      "downloadMethod": "git",
      "dependencies": [
        "nim",
        "unittest2"
      ],
      "checksums": {
        "sha1": "4b113319a3145f22a9e51eaf7f89600f6741b88b"
      }
    },
    "db_connector": {
      "version": "0.1.0",
      "vcsRevision": "29450a2063970712422e1ab857695c12d80112a6",
      "url": "https://github.com/nim-lang/db_connector",
      "downloadMethod": "git",
      "dependencies": [
        "nim"
      ],
      "checksums": {
        "sha1": "4f2e67d0e4b61af9ac5575509305660b473f01a4"
      }
    },
    "checksums": {
      "version": "0.2.2",
      "vcsRevision": "0845c735a9746188b2257ee2cff672eb6ec26e8a",
      "url": "https://github.com/nim-lang/checksums",
      "downloadMethod": "git",
      "dependencies": [
        "nim"
      ],
      "checksums": {
        "sha1": "6357ab195ec23e0e0a54d4d8b5e0212456bf899e"
      }
    },
    "unicodedb": {
      "version": "0.13.2",
      "vcsRevision": "66f2458710dc641dd4640368f9483c8a0ec70561",
      "url": "https://github.com/nitely/nim-unicodedb",
      "downloadMethod": "git",
      "dependencies": [
        "nim"
      ],
      "checksums": {
        "sha1": "739102d885d99bb4571b1955f5f12aee423c935b"
      }
    },
    "regex": {
      "version": "0.26.3",
      "vcsRevision": "4593305ed1e49731fc75af1dc572dd2559aad19c",
      "url": "https://github.com/nitely/nim-regex",
      "downloadMethod": "git",
      "dependencies": [
        "nim",
        "unicodedb"
      ],
      "checksums": {
        "sha1": "4d24e7d7441137cd202e16f2359a5807ddbdc31f"
      }
    },
    "docopt": {
      "version": "0.7.1",
      "vcsRevision": "efaa112b6df172a9168c4eb581ab8dda1fbcfe2a",
      "url": "https://github.com/docopt/docopt.nim",
      "downloadMethod": "git",
      "dependencies": [
        "nim",
        "regex"
      ],
      "checksums": {
        "sha1": "387f1ae17f3b7620c7814cf44a52d3d91b8906e9"
      }
    }
  },
  "tasks": {}
}
